
Microsoft Visual Studio Solution File, Format Version 12.00
# Visual Studio Version 17
VisualStudioVersion = 17.3.32804.467
MinimumVisualStudioVersion = 10.0.40219.1
Project("{9A19103F-16F7-4668-BE54-9A1E7A4F7556}") = "Api", "Api\Api.csproj", "{2E216B3F-D175-49A9-89CA-03DE5E95478A}"
EndProject
Project("{FAE04EC0-301F-11D3-BF4B-00C04F79EFBC}") = "CongestionTaxCalculatorTest", "CongestionTaxCalculatorTest\CongestionTaxCalculatorTest.csproj", "{82B17DD8-5B72-4165-A187-081A06956CC3}"
EndProject
Global
	GlobalSection(SolutionConfigurationPlatforms) = preSolution
		Debug|Any CPU = Debug|Any CPU
		Release|Any CPU = Release|Any CPU
	EndGlobalSection
	GlobalSection(ProjectConfigurationPlatforms) = postSolution
		{2E216B3F-D175-49A9-89CA-03DE5E95478A}.Debug|Any CPU.ActiveCfg = Debug|Any CPU
		{2E216B3F-D175-49A9-89CA-03DE5E95478A}.Debug|Any CPU.Build.0 = Debug|Any CPU
		{2E216B3F-D175-49A9-89CA-03DE5E95478A}.Release|Any CPU.ActiveCfg = Release|Any CPU
		{2E216B3F-D175-49A9-89CA-03DE5E95478A}.Release|Any CPU.Build.0 = Release|Any CPU
		{82B17DD8-5B72-4165-A187-081A06956CC3}.Debug|Any CPU.ActiveCfg = Debug|Any CPU
		{82B17DD8-5B72-4165-A187-081A06956CC3}.Debug|Any CPU.Build.0 = Debug|Any CPU
		{82B17DD8-5B72-4165-A187-081A06956CC3}.Release|Any CPU.ActiveCfg = Release|Any CPU
		{82B17DD8-5B72-4165-A187-081A06956CC3}.Release|Any CPU.Build.0 = Release|Any CPU
	EndGlobalSection
	GlobalSection(SolutionProperties) = preSolution
		HideSolutionNode = FALSE
	EndGlobalSection
	GlobalSection(ExtensibilityGlobals) = postSolution
		SolutionGuid = {C342464C-CA74-4E46-BDA2-EA1808E1C3DF}
	EndGlobalSection
EndGlobal
